
Microsoft Visual Studio Solution File, Format Version 12.00
# Visual Studio 14
VisualStudioVersion = 14.0.25123.0
MinimumVisualStudioVersion = 10.0.40219.1
Project("{8BC9CEB8-8B4A-11D0-8D11-00A0C91BC942}") = "server", "server\server.vcxproj", "{A52B8D98-FCE9-4916-B6EF-2A86000CF67F}"
EndProject
Project("{8BC9CEB8-8B4A-11D0-8D11-00A0C91BC942}") = "client", "client\client.vcxproj", "{BEFA54FF-2653-4C0C-A75A-9B9FD2956673}"
EndProject
Global
	GlobalSection(SolutionConfigurationPlatforms) = preSolution
		Debug|x64 = Debug|x64
		Debug|x86 = Debug|x86
		Release|x64 = Release|x64
		Release|x86 = Release|x86
	EndGlobalSection
	GlobalSection(ProjectConfigurationPlatforms) = postSolution
		{A52B8D98-FCE9-4916-B6EF-2A86000CF67F}.Debug|x64.ActiveCfg = Debug|x64
		{A52B8D98-FCE9-4916-B6EF-2A86000CF67F}.Debug|x64.Build.0 = Debug|x64
		{A52B8D98-FCE9-4916-B6EF-2A86000CF67F}.Debug|x86.ActiveCfg = Debug|Win32
		{A52B8D98-FCE9-4916-B6EF-2A86000CF67F}.Debug|x86.Build.0 = Debug|Win32
		{A52B8D98-FCE9-4916-B6EF-2A86000CF67F}.Release|x64.ActiveCfg = Release|x64
		{A52B8D98-FCE9-4916-B6EF-2A86000CF67F}.Release|x64.Build.0 = Release|x64
		{A52B8D98-FCE9-4916-B6EF-2A86000CF67F}.Release|x86.ActiveCfg = Release|Win32
		{A52B8D98-FCE9-4916-B6EF-2A86000CF67F}.Release|x86.Build.0 = Release|Win32
		{BEFA54FF-2653-4C0C-A75A-9B9FD2956673}.Debug|x64.ActiveCfg = Debug|x64
		{BEFA54FF-2653-4C0C-A75A-9B9FD2956673}.Debug|x64.Build.0 = Debug|x64
		{BEFA54FF-2653-4C0C-A75A-9B9FD2956673}.Debug|x86.ActiveCfg = Debug|Win32
		{BEFA54FF-2653-4C0C-A75A-9B9FD2956673}.Debug|x86.Build.0 = Debug|Win32
		{BEFA54FF-2653-4C0C-A75A-9B9FD2956673}.Release|x64.ActiveCfg = Release|x64
		{BEFA54FF-2653-4C0C-A75A-9B9FD2956673}.Release|x64.Build.0 = Release|x64
		{BEFA54FF-2653-4C0C-A75A-9B9FD2956673}.Release|x86.ActiveCfg = Release|Win32
		{BEFA54FF-2653-4C0C-A75A-9B9FD2956673}.Release|x86.Build.0 = Release|Win32
	EndGlobalSection
	GlobalSection(SolutionProperties) = preSolution
		HideSolutionNode = FALSE
	EndGlobalSection
EndGlobal
